
Microsoft Visual Studio Solution File, Format Version 12.00
# Visual Studio Version 17
VisualStudioVersion = 17.0.31919.166
MinimumVisualStudioVersion = 10.0.40219.1
Project("{9A19103F-16F7-4668-BE54-9A1E7A4F7556}") = "Altreal.Monitvate.Api", "Altreal.Monitvate.Api\Altreal.Monitvate.Api.csproj", "{0648C00A-77A7-4FEE-911B-8500EC243C03}"
EndProject
Project("{9A19103F-16F7-4668-BE54-9A1E7A4F7556}") = "Altreal.Motivate.Data", "Altreal.Motivate.Data\Altreal.Motivate.Data.csproj", "{BD042F62-A898-498D-9723-8F04E7F00F82}"
EndProject
Project("{9A19103F-16F7-4668-BE54-9A1E7A4F7556}") = "Altreal.Motivate.Bll", "Altreal.Motivate.Bll\Altreal.Motivate.Bll.csproj", "{B85BDEBA-97EE-48A7-9A37-256A1EED07F7}"
EndProject
Project("{9A19103F-16F7-4668-BE54-9A1E7A4F7556}") = "Altreal.Motivate.Shared", "Altreal.Motivate.Shared\Altreal.Motivate.Shared.csproj", "{A7792DDC-0D94-463D-AC45-D4356C752DD5}"
EndProject
Project("{FAE04EC0-301F-11D3-BF4B-00C04F79EFBC}") = "Altreal.Motivate.Bus", "Altreal.Motivate.Bus\Altreal.Motivate.Bus.csproj", "{630F7BA2-9702-4B91-9378-BA6753C5C647}"
EndProject
Global
	GlobalSection(SolutionConfigurationPlatforms) = preSolution
		Debug|Any CPU = Debug|Any CPU
		Release|Any CPU = Release|Any CPU
	EndGlobalSection
	GlobalSection(ProjectConfigurationPlatforms) = postSolution
		{0648C00A-77A7-4FEE-911B-8500EC243C03}.Debug|Any CPU.ActiveCfg = Debug|Any CPU
		{0648C00A-77A7-4FEE-911B-8500EC243C03}.Debug|Any CPU.Build.0 = Debug|Any CPU
		{0648C00A-77A7-4FEE-911B-8500EC243C03}.Release|Any CPU.ActiveCfg = Release|Any CPU
		{0648C00A-77A7-4FEE-911B-8500EC243C03}.Release|Any CPU.Build.0 = Release|Any CPU
		{BD042F62-A898-498D-9723-8F04E7F00F82}.Debug|Any CPU.ActiveCfg = Debug|Any CPU
		{BD042F62-A898-498D-9723-8F04E7F00F82}.Debug|Any CPU.Build.0 = Debug|Any CPU
		{BD042F62-A898-498D-9723-8F04E7F00F82}.Release|Any CPU.ActiveCfg = Release|Any CPU
		{BD042F62-A898-498D-9723-8F04E7F00F82}.Release|Any CPU.Build.0 = Release|Any CPU
		{B85BDEBA-97EE-48A7-9A37-256A1EED07F7}.Debug|Any CPU.ActiveCfg = Debug|Any CPU
		{B85BDEBA-97EE-48A7-9A37-256A1EED07F7}.Debug|Any CPU.Build.0 = Debug|Any CPU
		{B85BDEBA-97EE-48A7-9A37-256A1EED07F7}.Release|Any CPU.ActiveCfg = Release|Any CPU
		{B85BDEBA-97EE-48A7-9A37-256A1EED07F7}.Release|Any CPU.Build.0 = Release|Any CPU
		{A7792DDC-0D94-463D-AC45-D4356C752DD5}.Debug|Any CPU.ActiveCfg = Debug|Any CPU
		{A7792DDC-0D94-463D-AC45-D4356C752DD5}.Debug|Any CPU.Build.0 = Debug|Any CPU
		{A7792DDC-0D94-463D-AC45-D4356C752DD5}.Release|Any CPU.ActiveCfg = Release|Any CPU
		{A7792DDC-0D94-463D-AC45-D4356C752DD5}.Release|Any CPU.Build.0 = Release|Any CPU
		{630F7BA2-9702-4B91-9378-BA6753C5C647}.Debug|Any CPU.ActiveCfg = Debug|Any CPU
		{630F7BA2-9702-4B91-9378-BA6753C5C647}.Debug|Any CPU.Build.0 = Debug|Any CPU
		{630F7BA2-9702-4B91-9378-BA6753C5C647}.Release|Any CPU.ActiveCfg = Release|Any CPU
		{630F7BA2-9702-4B91-9378-BA6753C5C647}.Release|Any CPU.Build.0 = Release|Any CPU
	EndGlobalSection
	GlobalSection(SolutionProperties) = preSolution
		HideSolutionNode = FALSE
	EndGlobalSection
	GlobalSection(ExtensibilityGlobals) = postSolution
		SolutionGuid = {920071D1-C7DB-489F-8C1A-95EAA19A0C20}
	EndGlobalSection
EndGlobal
